{
  "name": "HOTech_Test",
  "lockfileVersion": 3,
  "requires": true,
  "packages": {
    "": {
      "dependencies": {
        "rotero": "^1.1.0"
      }
    },
    "node_modules/rotero": {
      "version": "1.1.0",
      "resolved": "https://registry.npmjs.org/rotero/-/rotero-1.1.0.tgz",
      "integrity": "sha512-EWx7QBgxAkO0Ps1skXG9ZWf2wnkY5vW3lwzaY1On3vH98dIEDh6n/jXkAuryXOoiVLO7D0I1aYH7kDfe2zj0tw=="
    }
  }
}
